
Microsoft Visual Studio Solution File, Format Version 12.00
# Visual Studio 15
VisualStudioVersion = 15.0.28307.1684
MinimumVisualStudioVersion = 10.0.40219.1
Project("{2150E333-8FDC-42A3-9474-1A3956D46DE8}") = ".NET", ".NET", "{0744583C-E4C4-4D0F-9AB0-68EAE201A7B2}"
EndProject
Project("{2150E333-8FDC-42A3-9474-1A3956D46DE8}") = "BuildingBlocks", "BuildingBlocks", "{C0DB5ABD-C478-4848-94CC-736ED18D174C}"
EndProject
Project("{2150E333-8FDC-42A3-9474-1A3956D46DE8}") = "Modules", "Modules", "{FD05B057-E423-419D-9E98-5C3E86DF2D84}"
EndProject
Project("{FAE04EC0-301F-11D3-BF4B-00C04F79EFBC}") = "BuildingBlocks.Application", "BuildingBlocks\Application\BuildingBlocks.Application.csproj", "{89952AD6-0C00-4765-BCFF-779243F038EE}"
EndProject
Project("{FAE04EC0-301F-11D3-BF4B-00C04F79EFBC}") = "Ck.Application", "Modules\TC\Application\Ck.Application.csproj", "{88A18A8E-CFF6-460C-A29E-1492C5F04AA5}"
EndProject
Project("{FAE04EC0-301F-11D3-BF4B-00C04F79EFBC}") = "Ck.Domain", "Modules\TC\Domain\Ck.Domain.csproj", "{E1FDBFD8-E7B1-4672-AF37-F8C2EC64AAD1}"
EndProject
Project("{FAE04EC0-301F-11D3-BF4B-00C04F79EFBC}") = "Ck.Infrastructure", "Modules\TC\Infrastructure\Ck.Infrastructure.csproj", "{1423E682-3D58-4B0F-8535-380BAD217499}"
EndProject
Project("{FAE04EC0-301F-11D3-BF4B-00C04F79EFBC}") = "Ck.WinAuthWebApi", "Modules\TC\WinAuthWebApi\Ck.WinAuthWebApi.csproj", "{BBE4B7EE-4378-4989-BF13-3824E53903CF}"
EndProject
Project("{2150E333-8FDC-42A3-9474-1A3956D46DE8}") = "CK", "CK", "{E26020CE-F69D-4D85-A01A-A52A70FD7440}"
EndProject
Project("{FAE04EC0-301F-11D3-BF4B-00C04F79EFBC}") = "Ck.UnitTest", "Modules\TC\Tests\UnitTest\Ck.UnitTest.csproj", "{51EBBEF4-33CE-4E55-808C-DB400089910F}"
EndProject
Project("{FAE04EC0-301F-11D3-BF4B-00C04F79EFBC}") = "BuildingBlocks.Domain", "BuildingBlocks\Domain\BuildingBlocks.Domain.csproj", "{3124F5A3-C7F5-486E-A73E-9396D83CB27A}"
EndProject
Global
	GlobalSection(SolutionConfigurationPlatforms) = preSolution
		Debug|Any CPU = Debug|Any CPU
		Release|Any CPU = Release|Any CPU
	EndGlobalSection
	GlobalSection(ProjectConfigurationPlatforms) = postSolution
		{89952AD6-0C00-4765-BCFF-779243F038EE}.Debug|Any CPU.ActiveCfg = Debug|Any CPU
		{89952AD6-0C00-4765-BCFF-779243F038EE}.Debug|Any CPU.Build.0 = Debug|Any CPU
		{89952AD6-0C00-4765-BCFF-779243F038EE}.Release|Any CPU.ActiveCfg = Release|Any CPU
		{89952AD6-0C00-4765-BCFF-779243F038EE}.Release|Any CPU.Build.0 = Release|Any CPU
		{88A18A8E-CFF6-460C-A29E-1492C5F04AA5}.Debug|Any CPU.ActiveCfg = Debug|Any CPU
		{88A18A8E-CFF6-460C-A29E-1492C5F04AA5}.Debug|Any CPU.Build.0 = Debug|Any CPU
		{88A18A8E-CFF6-460C-A29E-1492C5F04AA5}.Release|Any CPU.ActiveCfg = Release|Any CPU
		{88A18A8E-CFF6-460C-A29E-1492C5F04AA5}.Release|Any CPU.Build.0 = Release|Any CPU
		{E1FDBFD8-E7B1-4672-AF37-F8C2EC64AAD1}.Debug|Any CPU.ActiveCfg = Debug|Any CPU
		{E1FDBFD8-E7B1-4672-AF37-F8C2EC64AAD1}.Debug|Any CPU.Build.0 = Debug|Any CPU
		{E1FDBFD8-E7B1-4672-AF37-F8C2EC64AAD1}.Release|Any CPU.ActiveCfg = Release|Any CPU
		{E1FDBFD8-E7B1-4672-AF37-F8C2EC64AAD1}.Release|Any CPU.Build.0 = Release|Any CPU
		{1423E682-3D58-4B0F-8535-380BAD217499}.Debug|Any CPU.ActiveCfg = Debug|Any CPU
		{1423E682-3D58-4B0F-8535-380BAD217499}.Debug|Any CPU.Build.0 = Debug|Any CPU
		{1423E682-3D58-4B0F-8535-380BAD217499}.Release|Any CPU.ActiveCfg = Release|Any CPU
		{1423E682-3D58-4B0F-8535-380BAD217499}.Release|Any CPU.Build.0 = Release|Any CPU
		{BBE4B7EE-4378-4989-BF13-3824E53903CF}.Debug|Any CPU.ActiveCfg = Debug|Any CPU
		{BBE4B7EE-4378-4989-BF13-3824E53903CF}.Debug|Any CPU.Build.0 = Debug|Any CPU
		{BBE4B7EE-4378-4989-BF13-3824E53903CF}.Release|Any CPU.ActiveCfg = Release|Any CPU
		{BBE4B7EE-4378-4989-BF13-3824E53903CF}.Release|Any CPU.Build.0 = Release|Any CPU
		{51EBBEF4-33CE-4E55-808C-DB400089910F}.Debug|Any CPU.ActiveCfg = Debug|Any CPU
		{51EBBEF4-33CE-4E55-808C-DB400089910F}.Debug|Any CPU.Build.0 = Debug|Any CPU
		{51EBBEF4-33CE-4E55-808C-DB400089910F}.Release|Any CPU.ActiveCfg = Release|Any CPU
		{51EBBEF4-33CE-4E55-808C-DB400089910F}.Release|Any CPU.Build.0 = Release|Any CPU
		{3124F5A3-C7F5-486E-A73E-9396D83CB27A}.Debug|Any CPU.ActiveCfg = Debug|Any CPU
		{3124F5A3-C7F5-486E-A73E-9396D83CB27A}.Debug|Any CPU.Build.0 = Debug|Any CPU
		{3124F5A3-C7F5-486E-A73E-9396D83CB27A}.Release|Any CPU.ActiveCfg = Release|Any CPU
		{3124F5A3-C7F5-486E-A73E-9396D83CB27A}.Release|Any CPU.Build.0 = Release|Any CPU
	EndGlobalSection
	GlobalSection(SolutionProperties) = preSolution
		HideSolutionNode = FALSE
	EndGlobalSection
	GlobalSection(NestedProjects) = preSolution
		{C0DB5ABD-C478-4848-94CC-736ED18D174C} = {0744583C-E4C4-4D0F-9AB0-68EAE201A7B2}
		{FD05B057-E423-419D-9E98-5C3E86DF2D84} = {0744583C-E4C4-4D0F-9AB0-68EAE201A7B2}
		{89952AD6-0C00-4765-BCFF-779243F038EE} = {C0DB5ABD-C478-4848-94CC-736ED18D174C}
		{88A18A8E-CFF6-460C-A29E-1492C5F04AA5} = {E26020CE-F69D-4D85-A01A-A52A70FD7440}
		{E1FDBFD8-E7B1-4672-AF37-F8C2EC64AAD1} = {E26020CE-F69D-4D85-A01A-A52A70FD7440}
		{1423E682-3D58-4B0F-8535-380BAD217499} = {E26020CE-F69D-4D85-A01A-A52A70FD7440}
		{BBE4B7EE-4378-4989-BF13-3824E53903CF} = {E26020CE-F69D-4D85-A01A-A52A70FD7440}
		{E26020CE-F69D-4D85-A01A-A52A70FD7440} = {FD05B057-E423-419D-9E98-5C3E86DF2D84}
		{51EBBEF4-33CE-4E55-808C-DB400089910F} = {E26020CE-F69D-4D85-A01A-A52A70FD7440}
		{3124F5A3-C7F5-486E-A73E-9396D83CB27A} = {C0DB5ABD-C478-4848-94CC-736ED18D174C}
	EndGlobalSection
	GlobalSection(ExtensibilityGlobals) = postSolution
		SolutionGuid = {4CE147D8-CE4D-4B14-BE4D-0AA81762381C}
	EndGlobalSection
EndGlobal
